// !$*UTF8*$!
{
	archiveVersion = 1;
	classes = {
	};
	objectVersion = 55;
	objects = {

/* Begin PBXBuildFile section */
		0198A90D2782D4B6008436BB /* AppDelegate.swift in Sources */ = {isa = PBXBuildFile; fileRef = 0198A90C2782D4B6008436BB /* AppDelegate.swift */; };
		0198A90F2782D4B6008436BB /* SceneDelegate.swift in Sources */ = {isa = PBXBuildFile; fileRef = 0198A90E2782D4B6008436BB /* SceneDelegate.swift */; };
		0198A9112782D4B6008436BB /* ViewController.swift in Sources */ = {isa = PBXBuildFile; fileRef = 0198A9102782D4B6008436BB /* ViewController.swift */; };
		0198A9142782D4B6008436BB /* Main.storyboard in Resources */ = {isa = PBXBuildFile; fileRef = 0198A9122782D4B6008436BB /* Main.storyboard */; };
		0198A9162782D4B7008436BB /* Assets.xcassets in Resources */ = {isa = PBXBuildFile; fileRef = 0198A9152782D4B7008436BB /* Assets.xcassets */; };
		0198A9192782D4B7008436BB /* LaunchScreen.storyboard in Resources */ = {isa = PBXBuildFile; fileRef = 0198A9172782D4B7008436BB /* LaunchScreen.storyboard */; };
		0198A9242782D4B7008436BB /* KumparanTech_TestTests.swift in Sources */ = {isa = PBXBuildFile; fileRef = 0198A9232782D4B7008436BB /* KumparanTech_TestTests.swift */; };
		0198A92E2782D4B7008436BB /* KumparanTech_TestUITests.swift in Sources */ = {isa = PBXBuildFile; fileRef = 0198A92D2782D4B7008436BB /* KumparanTech_TestUITests.swift */; };
		0198A9302782D4B7008436BB /* KumparanTech_TestUITestsLaunchTests.swift in Sources */ = {isa = PBXBuildFile; fileRef = 0198A92F2782D4B7008436BB /* KumparanTech_TestUITestsLaunchTests.swift */; };
/* End PBXBuildFile section */

/* Begin PBXContainerItemProxy section */
		0198A9202782D4B7008436BB /* PBXContainerItemProxy */ = {
			isa = PBXContainerItemProxy;
			containerPortal = 0198A9012782D4B6008436BB /* Project object */;
			proxyType = 1;
			remoteGlobalIDString = 0198A9082782D4B6008436BB;
			remoteInfo = "KumparanTech-Test";
		};
		0198A92A2782D4B7008436BB /* PBXContainerItemProxy */ = {
			isa = PBXContainerItemProxy;
			containerPortal = 0198A9012782D4B6008436BB /* Project object */;
			proxyType = 1;
			remoteGlobalIDString = 0198A9082782D4B6008436BB;
			remoteInfo = "KumparanTech-Test";
		};
/* End PBXContainerItemProxy section */

/* Begin PBXFileReference section */
		0198A9092782D4B6008436BB /* KumparanTech-Test.app */ = {isa = PBXFileReference; explicitFileType = wrapper.application; includeInIndex = 0; path = "KumparanTech-Test.app"; sourceTree = BUILT_PRODUCTS_DIR; };
		0198A90C2782D4B6008436BB /* AppDelegate.swift */ = {isa = PBXFileReference; lastKnownFileType = sourcecode.swift; path = AppDelegate.swift; sourceTree = "<group>"; };
		0198A90E2782D4B6008436BB /* SceneDelegate.swift */ = {isa = PBXFileReference; lastKnownFileType = sourcecode.swift; path = SceneDelegate.swift; sourceTree = "<group>"; };
		0198A9102782D4B6008436BB /* ViewController.swift */ = {isa = PBXFileReference; lastKnownFileType = sourcecode.swift; path = ViewController.swift; sourceTree = "<group>"; };
		0198A9132782D4B6008436BB /* Base */ = {isa = PBXFileReference; lastKnownFileType = file.storyboard; name = Base; path = Base.lproj/Main.storyboard; sourceTree = "<group>"; };
		0198A9152782D4B7008436BB /* Assets.xcassets */ = {isa = PBXFileReference; lastKnownFileType = folder.assetcatalog; path = Assets.xcassets; sourceTree = "<group>"; };
		0198A9182782D4B7008436BB /* Base */ = {isa = PBXFileReference; lastKnownFileType = file.storyboard; name = Base; path = Base.lproj/LaunchScreen.storyboard; sourceTree = "<group>"; };
		0198A91A2782D4B7008436BB /* Info.plist */ = {isa = PBXFileReference; lastKnownFileType = text.plist.xml; path = Info.plist; sourceTree = "<group>"; };
		0198A91F2782D4B7008436BB /* KumparanTech-TestTests.xctest */ = {isa = PBXFileReference; explicitFileType = wrapper.cfbundle; includeInIndex = 0; path = "KumparanTech-TestTests.xctest"; sourceTree = BUILT_PRODUCTS_DIR; };
		0198A9232782D4B7008436BB /* KumparanTech_TestTests.swift */ = {isa = PBXFileReference; lastKnownFileType = sourcecode.swift; path = KumparanTech_TestTests.swift; sourceTree = "<group>"; };
		0198A9292782D4B7008436BB /* KumparanTech-TestUITests.xctest */ = {isa = PBXFileReference; explicitFileType = wrapper.cfbundle; includeInIndex = 0; path = "KumparanTech-TestUITests.xctest"; sourceTree = BUILT_PRODUCTS_DIR; };
		0198A92D2782D4B7008436BB /* KumparanTech_TestUITests.swift */ = {isa = PBXFileReference; lastKnownFileType = sourcecode.swift; path = KumparanTech_TestUITests.swift; sourceTree = "<group>"; };
		0198A92F2782D4B7008436BB /* KumparanTech_TestUITestsLaunchTests.swift */ = {isa = PBXFileReference; lastKnownFileType = sourcecode.swift; path = KumparanTech_TestUITestsLaunchTests.swift; sourceTree = "<group>"; };
/* End PBXFileReference section */

/* Begin PBXFrameworksBuildPhase section */
		0198A9062782D4B6008436BB /* Frameworks */ = {
			isa = PBXFrameworksBuildPhase;
			buildActionMask = 2147483647;
			files = (
			);
			runOnlyForDeploymentPostprocessing = 0;
		};
		0198A91C2782D4B7008436BB /* Frameworks */ = {
			isa = PBXFrameworksBuildPhase;
			buildActionMask = 2147483647;
			files = (
			);
			runOnlyForDeploymentPostprocessing = 0;
		};
		0198A9262782D4B7008436BB /* Frameworks */ = {
			isa = PBXFrameworksBuildPhase;
			buildActionMask = 2147483647;
			files = (
			);
			runOnlyForDeploymentPostprocessing = 0;
		};
/* End PBXFrameworksBuildPhase section */

/* Begin PBXGroup section */
		0198A9002782D4B6008436BB = {
			isa = PBXGroup;
			children = (
				0198A90B2782D4B6008436BB /* KumparanTech-Test */,
				0198A9222782D4B7008436BB /* KumparanTech-TestTests */,
				0198A92C2782D4B7008436BB /* KumparanTech-TestUITests */,
				0198A90A2782D4B6008436BB /* Products */,
			);
			sourceTree = "<group>";
		};
		0198A90A2782D4B6008436BB /* Products */ = {
			isa = PBXGroup;
			children = (
				0198A9092782D4B6008436BB /* KumparanTech-Test.app */,
				0198A91F2782D4B7008436BB /* KumparanTech-TestTests.xctest */,
				0198A9292782D4B7008436BB /* KumparanTech-TestUITests.xctest */,
			);
			name = Products;
			sourceTree = "<group>";
		};
		0198A90B2782D4B6008436BB /* KumparanTech-Test */ = {
			isa = PBXGroup;
			children = (
				0198A90C2782D4B6008436BB /* AppDelegate.swift */,
				0198A90E2782D4B6008436BB /* SceneDelegate.swift */,
				0198A9102782D4B6008436BB /* ViewController.swift */,
				0198A9122782D4B6008436BB /* Main.storyboard */,
				0198A9152782D4B7008436BB /* Assets.xcassets */,
				0198A9172782D4B7008436BB /* LaunchScreen.storyboard */,
				0198A91A2782D4B7008436BB /* Info.plist */,
			);
			path = "KumparanTech-Test";
			sourceTree = "<group>";
		};
		0198A9222782D4B7008436BB /* KumparanTech-TestTests */ = {
			isa = PBXGroup;
			children = (
				0198A9232782D4B7008436BB /* KumparanTech_TestTests.swift */,
			);
			path = "KumparanTech-TestTests";
			sourceTree = "<group>";
		};
		0198A92C2782D4B7008436BB /* KumparanTech-TestUITests */ = {
			isa = PBXGroup;
			children = (
				0198A92D2782D4B7008436BB /* KumparanTech_TestUITests.swift */,
				0198A92F2782D4B7008436BB /* KumparanTech_TestUITestsLaunchTests.swift */,
			);
			path = "KumparanTech-TestUITests";
			sourceTree = "<group>";
		};
/* End PBXGroup section */

/* Begin PBXNativeTarget section */
		0198A9082782D4B6008436BB /* KumparanTech-Test */ = {
			isa = PBXNativeTarget;
			buildConfigurationList = 0198A9332782D4B7008436BB /* Build configuration list for PBXNativeTarget "KumparanTech-Test" */;
			buildPhases = (
				0198A9052782D4B6008436BB /* Sources */,
				0198A9062782D4B6008436BB /* Frameworks */,
				0198A9072782D4B6008436BB /* Resources */,
			);
			buildRules = (
			);
			dependencies = (
			);
			name = "KumparanTech-Test";
			productName = "KumparanTech-Test";
			productReference = 0198A9092782D4B6008436BB /* KumparanTech-Test.app */;
			productType = "com.apple.product-type.application";
		};
		0198A91E2782D4B7008436BB /* KumparanTech-TestTests */ = {
			isa = PBXNativeTarget;
			buildConfigurationList = 0198A9362782D4B7008436BB /* Build configuration list for PBXNativeTarget "KumparanTech-TestTests" */;
			buildPhases = (
				0198A91B2782D4B7008436BB /* Sources */,
				0198A91C2782D4B7008436BB /* Frameworks */,
				0198A91D2782D4B7008436BB /* Resources */,
			);
			buildRules = (
			);
			dependencies = (
				0198A9212782D4B7008436BB /* PBXTargetDependency */,
			);
			name = "KumparanTech-TestTests";
			productName = "KumparanTech-TestTests";
			productReference = 0198A91F2782D4B7008436BB /* KumparanTech-TestTests.xctest */;
			productType = "com.apple.product-type.bundle.unit-test";
		};
		0198A9282782D4B7008436BB /* KumparanTech-TestUITests */ = {
			isa = PBXNativeTarget;
			buildConfigurationList = 0198A9392782D4B7008436BB /* Build configuration list for PBXNativeTarget "KumparanTech-TestUITests" */;
			buildPhases = (
				0198A9252782D4B7008436BB /* Sources */,
				0198A9262782D4B7008436BB /* Frameworks */,
				0198A9272782D4B7008436BB /* Resources */,
			);
			buildRules = (
			);
			dependencies = (
				0198A92B2782D4B7008436BB /* PBXTargetDependency */,
			);
			name = "KumparanTech-TestUITests";
			productName = "KumparanTech-TestUITests";
			productReference = 0198A9292782D4B7008436BB /* KumparanTech-TestUITests.xctest */;
			productType = "com.apple.product-type.bundle.ui-testing";
		};
/* End PBXNativeTarget section */

/* Begin PBXProject section */
		0198A9012782D4B6008436BB /* Project object */ = {
			isa = PBXProject;
			attributes = {
				BuildIndependentTargetsInParallel = 1;
				LastSwiftUpdateCheck = 1320;
				LastUpgradeCheck = 1320;
				TargetAttributes = {
					0198A9082782D4B6008436BB = {
						CreatedOnToolsVersion = 13.2.1;
					};
					0198A91E2782D4B7008436BB = {
						CreatedOnToolsVersion = 13.2.1;
						TestTargetID = 0198A9082782D4B6008436BB;
					};
					0198A9282782D4B7008436BB = {
						CreatedOnToolsVersion = 13.2.1;
						TestTargetID = 0198A9082782D4B6008436BB;
					};
				};
			};
			buildConfigurationList = 0198A9042782D4B6008436BB /* Build configuration list for PBXProject "KumparanTech-Test" */;
			compatibilityVersion = "Xcode 13.0";
			developmentRegion = en;
			hasScannedForEncodings = 0;
			knownRegions = (
				en,
				Base,
			);
			mainGroup = 0198A9002782D4B6008436BB;
			productRefGroup = 0198A90A2782D4B6008436BB /* Products */;
			projectDirPath = "";
			projectRoot = "";
			targets = (
				0198A9082782D4B6008436BB /* KumparanTech-Test */,
				0198A91E2782D4B7008436BB /* KumparanTech-TestTests */,
				0198A9282782D4B7008436BB /* KumparanTech-TestUITests */,
			);
		};
/* End PBXProject section */

/* Begin PBXResourcesBuildPhase section */
		0198A9072782D4B6008436BB /* Resources */ = {
			isa = PBXResourcesBuildPhase;
			buildActionMask = 2147483647;
			files = (
				0198A9192782D4B7008436BB /* LaunchScreen.storyboard in Resources */,
				0198A9162782D4B7008436BB /* Assets.xcassets in Resources */,
				0198A9142782D4B6008436BB /* Main.storyboard in Resources */,
			);
			runOnlyForDeploymentPostprocessing = 0;
		};
		0198A91D2782D4B7008436BB /* Resources */ = {
			isa = PBXResourcesBuildPhase;
			buildActionMask = 2147483647;
			files = (
			);
			runOnlyForDeploymentPostprocessing = 0;
		};
		0198A9272782D4B7008436BB /* Resources */ = {
			isa = PBXResourcesBuildPhase;
			buildActionMask = 2147483647;
			files = (
			);
			runOnlyForDeploymentPostprocessing = 0;
		};
/* End PBXResourcesBuildPhase section */

/* Begin PBXSourcesBuildPhase section */
		0198A9052782D4B6008436BB /* Sources */ = {
			isa = PBXSourcesBuildPhase;
			buildActionMask = 2147483647;
			files = (
				0198A9112782D4B6008436BB /* ViewController.swift in Sources */,
				0198A90D2782D4B6008436BB /* AppDelegate.swift in Sources */,
				0198A90F2782D4B6008436BB /* SceneDelegate.swift in Sources */,
			);
			runOnlyForDeploymentPostprocessing = 0;
		};
		0198A91B2782D4B7008436BB /* Sources */ = {
			isa = PBXSourcesBuildPhase;
			buildActionMask = 2147483647;
			files = (
				0198A9242782D4B7008436BB /* KumparanTech_TestTests.swift in Sources */,
			);
			runOnlyForDeploymentPostprocessing = 0;
		};
		0198A9252782D4B7008436BB /* Sources */ = {
			isa = PBXSourcesBuildPhase;
			buildActionMask = 2147483647;
			files = (
				0198A92E2782D4B7008436BB /* KumparanTech_TestUITests.swift in Sources */,
				0198A9302782D4B7008436BB /* KumparanTech_TestUITestsLaunchTests.swift in Sources */,
			);
			runOnlyForDeploymentPostprocessing = 0;
		};
/* End PBXSourcesBuildPhase section */

/* Begin PBXTargetDependency section */
		0198A9212782D4B7008436BB /* PBXTargetDependency */ = {
			isa = PBXTargetDependency;
			target = 0198A9082782D4B6008436BB /* KumparanTech-Test */;
			targetProxy = 0198A9202782D4B7008436BB /* PBXContainerItemProxy */;
		};
		0198A92B2782D4B7008436BB /* PBXTargetDependency */ = {
			isa = PBXTargetDependency;
			target = 0198A9082782D4B6008436BB /* KumparanTech-Test */;
			targetProxy = 0198A92A2782D4B7008436BB /* PBXContainerItemProxy */;
		};
/* End PBXTargetDependency section */

/* Begin PBXVariantGroup section */
		0198A9122782D4B6008436BB /* Main.storyboard */ = {
			isa = PBXVariantGroup;
			children = (
				0198A9132782D4B6008436BB /* Base */,
			);
			name = Main.storyboard;
			sourceTree = "<group>";
		};
		0198A9172782D4B7008436BB /* LaunchScreen.storyboard */ = {
			isa = PBXVariantGroup;
			children = (
				0198A9182782D4B7008436BB /* Base */,
			);
			name = LaunchScreen.storyboard;
			sourceTree = "<group>";
		};
/* End PBXVariantGroup section */

/* Begin XCBuildConfiguration section */
		0198A9312782D4B7008436BB /* Debug */ = {
			isa = XCBuildConfiguration;
			buildSettings = {
				ALWAYS_SEARCH_USER_PATHS = NO;
				CLANG_ANALYZER_NONNULL = YES;
				CLANG_ANALYZER_NUMBER_OBJECT_CONVERSION = YES_AGGRESSIVE;
				CLANG_CXX_LANGUAGE_STANDARD = "gnu++17";
				CLANG_CXX_LIBRARY = "libc++";
				CLANG_ENABLE_MODULES = YES;
				CLANG_ENABLE_OBJC_ARC = YES;
				CLANG_ENABLE_OBJC_WEAK = YES;
				CLANG_WARN_BLOCK_CAPTURE_AUTORELEASING = YES;
				CLANG_WARN_BOOL_CONVERSION = YES;
				CLANG_WARN_COMMA = YES;
				CLANG_WARN_CONSTANT_CONVERSION = YES;
				CLANG_WARN_DEPRECATED_OBJC_IMPLEMENTATIONS = YES;
				CLANG_WARN_DIRECT_OBJC_ISA_USAGE = YES_ERROR;
				CLANG_WARN_DOCUMENTATION_COMMENTS = YES;
				CLANG_WARN_EMPTY_BODY = YES;
				CLANG_WARN_ENUM_CONVERSION = YES;
				CLANG_WARN_INFINITE_RECURSION = YES;
				CLANG_WARN_INT_CONVERSION = YES;
				CLANG_WARN_NON_LITERAL_NULL_CONVERSION = YES;
				CLANG_WARN_OBJC_IMPLICIT_RETAIN_SELF = YES;
				CLANG_WARN_OBJC_LITERAL_CONVERSION = YES;
				CLANG_WARN_OBJC_ROOT_CLASS = YES_ERROR;
				CLANG_WARN_QUOTED_INCLUDE_IN_FRAMEWORK_HEADER = YES;
				CLANG_WARN_RANGE_LOOP_ANALYSIS = YES;
				CLANG_WARN_STRICT_PROTOTYPES = YES;
				CLANG_WARN_SUSPICIOUS_MOVE = YES;
				CLANG_WARN_UNGUARDED_AVAILABILITY = YES_AGGRESSIVE;
				CLANG_WARN_UNREACHABLE_CODE = YES;
				CLANG_WARN__DUPLICATE_METHOD_MATCH = YES;
				COPY_PHASE_STRIP = NO;
				DEBUG_INFORMATION_FORMAT = dwarf;
				ENABLE_STRICT_OBJC_MSGSEND = YES;
				ENABLE_TESTABILITY = YES;
				GCC_C_LANGUAGE_STANDARD = gnu11;
				GCC_DYNAMIC_NO_PIC = NO;
				GCC_NO_COMMON_BLOCKS = YES;
				GCC_OPTIMIZATION_LEVEL = 0;
				GCC_PREPROCESSOR_DEFINITIONS = (
					"DEBUG=1",
					"$(inherited)",
				);
				GCC_WARN_64_TO_32_BIT_CONVERSION = YES;
				GCC_WARN_ABOUT_RETURN_TYPE = YES_ERROR;
				GCC_WARN_UNDECLARED_SELECTOR = YES;
				GCC_WARN_UNINITIALIZED_AUTOS = YES_AGGRESSIVE;
				GCC_WARN_UNUSED_FUNCTION = YES;
				GCC_WARN_UNUSED_VARIABLE = YES;
				IPHONEOS_DEPLOYMENT_TARGET = 15.2;
				MTL_ENABLE_DEBUG_INFO = INCLUDE_SOURCE;
				MTL_FAST_MATH = YES;
				ONLY_ACTIVE_ARCH = YES;
				SDKROOT = iphoneos;
				SWIFT_ACTIVE_COMPILATION_CONDITIONS = DEBUG;
				SWIFT_OPTIMIZATION_LEVEL = "-Onone";
			};
			name = Debug;
		};
		0198A9322782D4B7008436BB /* Release */ = {
			isa = XCBuildConfiguration;
			buildSettings = {
				ALWAYS_SEARCH_USER_PATHS = NO;
				CLANG_ANALYZER_NONNULL = YES;
				CLANG_ANALYZER_NUMBER_OBJECT_CONVERSION = YES_AGGRESSIVE;
				CLANG_CXX_LANGUAGE_STANDARD = "gnu++17";
				CLANG_CXX_LIBRARY = "libc++";
				CLANG_ENABLE_MODULES = YES;
				CLANG_ENABLE_OBJC_ARC = YES;
				CLANG_ENABLE_OBJC_WEAK = YES;
				CLANG_WARN_BLOCK_CAPTURE_AUTORELEASING = YES;
				CLANG_WARN_BOOL_CONVERSION = YES;
				CLANG_WARN_COMMA = YES;
				CLANG_WARN_CONSTANT_CONVERSION = YES;
				CLANG_WARN_DEPRECATED_OBJC_IMPLEMENTATIONS = YES;
				CLANG_WARN_DIRECT_OBJC_ISA_USAGE = YES_ERROR;
				CLANG_WARN_DOCUMENTATION_COMMENTS = YES;
				CLANG_WARN_EMPTY_BODY = YES;
				CLANG_WARN_ENUM_CONVERSION = YES;
				CLANG_WARN_INFINITE_RECURSION = YES;
				CLANG_WARN_INT_CONVERSION = YES;
				CLANG_WARN_NON_LITERAL_NULL_CONVERSION = YES;
				CLANG_WARN_OBJC_IMPLICIT_RETAIN_SELF = YES;
				CLANG_WARN_OBJC_LITERAL_CONVERSION = YES;
				CLANG_WARN_OBJC_ROOT_CLASS = YES_ERROR;
				CLANG_WARN_QUOTED_INCLUDE_IN_FRAMEWORK_HEADER = YES;
				CLANG_WARN_RANGE_LOOP_ANALYSIS = YES;
				CLANG_WARN_STRICT_PROTOTYPES = YES;
				CLANG_WARN_SUSPICIOUS_MOVE = YES;
				CLANG_WARN_UNGUARDED_AVAILABILITY = YES_AGGRESSIVE;
				CLANG_WARN_UNREACHABLE_CODE = YES;
				CLANG_WARN__DUPLICATE_METHOD_MATCH = YES;
				COPY_PHASE_STRIP = NO;
				DEBUG_INFORMATION_FORMAT = "dwarf-with-dsym";
				ENABLE_NS_ASSERTIONS = NO;
				ENABLE_STRICT_OBJC_MSGSEND = YES;
				GCC_C_LANGUAGE_STANDARD = gnu11;
				GCC_NO_COMMON_BLOCKS = YES;
				GCC_WARN_64_TO_32_BIT_CONVERSION = YES;
				GCC_WARN_ABOUT_RETURN_TYPE = YES_ERROR;
				GCC_WARN_UNDECLARED_SELECTOR = YES;
				GCC_WARN_UNINITIALIZED_AUTOS = YES_AGGRESSIVE;
				GCC_WARN_UNUSED_FUNCTION = YES;
				GCC_WARN_UNUSED_VARIABLE = YES;
				IPHONEOS_DEPLOYMENT_TARGET = 15.2;
				MTL_ENABLE_DEBUG_INFO = NO;
				MTL_FAST_MATH = YES;
				SDKROOT = iphoneos;
				SWIFT_COMPILATION_MODE = wholemodule;
				SWIFT_OPTIMIZATION_LEVEL = "-O";
				VALIDATE_PRODUCT = YES;
			};
			name = Release;
		};
		0198A9342782D4B7008436BB /* Debug */ = {
			isa = XCBuildConfiguration;
			buildSettings = {
				ASSETCATALOG_COMPILER_APPICON_NAME = AppIcon;
				ASSETCATALOG_COMPILER_GLOBAL_ACCENT_COLOR_NAME = AccentColor;
				CODE_SIGN_STYLE = Automatic;
				CURRENT_PROJECT_VERSION = 1;
				DEVELOPMENT_TEAM = XDB22KM8KS;
				GENERATE_INFOPLIST_FILE = YES;
				INFOPLIST_FILE = "KumparanTech-Test/Info.plist";
				INFOPLIST_KEY_UIApplicationSupportsIndirectInputEvents = YES;
				INFOPLIST_KEY_UILaunchStoryboardName = LaunchScreen;
				INFOPLIST_KEY_UIMainStoryboardFile = Main;
				INFOPLIST_KEY_UISupportedInterfaceOrientations_iPad = "UIInterfaceOrientationPortrait UIInterfaceOrientationPortraitUpsideDown UIInterfaceOrientationLandscapeLeft UIInterfaceOrientationLandscapeRight";
				INFOPLIST_KEY_UISupportedInterfaceOrientations_iPhone = "UIInterfaceOrientationPortrait UIInterfaceOrientationLandscapeLeft UIInterfaceOrientationLandscapeRight";
				LD_RUNPATH_SEARCH_PATHS = (
					"$(inherited)",
					"@executable_path/Frameworks",
				);
				MARKETING_VERSION = 1.0;
				PRODUCT_BUNDLE_IDENTIFIER = "com.adedp.KumparanTech-Test";
				PRODUCT_NAME = "$(TARGET_NAME)";
				SWIFT_EMIT_LOC_STRINGS = YES;
				SWIFT_VERSION = 5.0;
				TARGETED_DEVICE_FAMILY = "1,2";
			};
			name = Debug;
		};
		0198A9352782D4B7008436BB /* Release */ = {
			isa = XCBuildConfiguration;
			buildSettings = {
				ASSETCATALOG_COMPILER_APPICON_NAME = AppIcon;
				ASSETCATALOG_COMPILER_GLOBAL_ACCENT_COLOR_NAME = AccentColor;
				CODE_SIGN_STYLE = Automatic;
				CURRENT_PROJECT_VERSION = 1;
				DEVELOPMENT_TEAM = XDB22KM8KS;
				GENERATE_INFOPLIST_FILE = YES;
				INFOPLIST_FILE = "KumparanTech-Test/Info.plist";
				INFOPLIST_KEY_UIApplicationSupportsIndirectInputEvents = YES;
				INFOPLIST_KEY_UILaunchStoryboardName = LaunchScreen;
				INFOPLIST_KEY_UIMainStoryboardFile = Main;
				INFOPLIST_KEY_UISupportedInterfaceOrientations_iPad = "UIInterfaceOrientationPortrait UIInterfaceOrientationPortraitUpsideDown UIInterfaceOrientationLandscapeLeft UIInterfaceOrientationLandscapeRight";
				INFOPLIST_KEY_UISupportedInterfaceOrientations_iPhone = "UIInterfaceOrientationPortrait UIInterfaceOrientationLandscapeLeft UIInterfaceOrientationLandscapeRight";
				LD_RUNPATH_SEARCH_PATHS = (
					"$(inherited)",
					"@executable_path/Frameworks",
				);
				MARKETING_VERSION = 1.0;
				PRODUCT_BUNDLE_IDENTIFIER = "com.adedp.KumparanTech-Test";
				PRODUCT_NAME = "$(TARGET_NAME)";
				SWIFT_EMIT_LOC_STRINGS = YES;
				SWIFT_VERSION = 5.0;
				TARGETED_DEVICE_FAMILY = "1,2";
			};
			name = Release;
		};
		0198A9372782D4B7008436BB /* Debug */ = {
			isa = XCBuildConfiguration;
			buildSettings = {
				ALWAYS_EMBED_SWIFT_STANDARD_LIBRARIES = YES;
				BUNDLE_LOADER = "$(TEST_HOST)";
				CODE_SIGN_STYLE = Automatic;
				CURRENT_PROJECT_VERSION = 1;
				DEVELOPMENT_TEAM = XDB22KM8KS;
				GENERATE_INFOPLIST_FILE = YES;
				IPHONEOS_DEPLOYMENT_TARGET = 15.2;
				MARKETING_VERSION = 1.0;
				PRODUCT_BUNDLE_IDENTIFIER = "com.adedp.KumparanTech-TestTests";
				PRODUCT_NAME = "$(TARGET_NAME)";
				SWIFT_EMIT_LOC_STRINGS = NO;
				SWIFT_VERSION = 5.0;
				TARGETED_DEVICE_FAMILY = "1,2";
				TEST_HOST = "$(BUILT_PRODUCTS_DIR)/KumparanTech-Test.app/KumparanTech-Test";
			};
			name = Debug;
		};
		0198A9382782D4B7008436BB /* Release */ = {
			isa = XCBuildConfiguration;
			buildSettings = {
				ALWAYS_EMBED_SWIFT_STANDARD_LIBRARIES = YES;
				BUNDLE_LOADER = "$(TEST_HOST)";
				CODE_SIGN_STYLE = Automatic;
				CURRENT_PROJECT_VERSION = 1;
				DEVELOPMENT_TEAM = XDB22KM8KS;
				GENERATE_INFOPLIST_FILE = YES;
				IPHONEOS_DEPLOYMENT_TARGET = 15.2;
				MARKETING_VERSION = 1.0;
				PRODUCT_BUNDLE_IDENTIFIER = "com.adedp.KumparanTech-TestTests";
				PRODUCT_NAME = "$(TARGET_NAME)";
				SWIFT_EMIT_LOC_STRINGS = NO;
				SWIFT_VERSION = 5.0;
				TARGETED_DEVICE_FAMILY = "1,2";
				TEST_HOST = "$(BUILT_PRODUCTS_DIR)/KumparanTech-Test.app/KumparanTech-Test";
			};
			name = Release;
		};
		0198A93A2782D4B7008436BB /* Debug */ = {
			isa = XCBuildConfiguration;
			buildSettings = {
				ALWAYS_EMBED_SWIFT_STANDARD_LIBRARIES = YES;
				CODE_SIGN_STYLE = Automatic;
				CURRENT_PROJECT_VERSION = 1;
				DEVELOPMENT_TEAM = XDB22KM8KS;
				GENERATE_INFOPLIST_FILE = YES;
				MARKETING_VERSION = 1.0;
				PRODUCT_BUNDLE_IDENTIFIER = "com.adedp.KumparanTech-TestUITests";
				PRODUCT_NAME = "$(TARGET_NAME)";
				SWIFT_EMIT_LOC_STRINGS = NO;
				SWIFT_VERSION = 5.0;
				TARGETED_DEVICE_FAMILY = "1,2";
				TEST_TARGET_NAME = "KumparanTech-Test";
			};
			name = Debug;
		};
		0198A93B2782D4B7008436BB /* Release */ = {
			isa = XCBuildConfiguration;
			buildSettings = {
				ALWAYS_EMBED_SWIFT_STANDARD_LIBRARIES = YES;
				CODE_SIGN_STYLE = Automatic;
				CURRENT_PROJECT_VERSION = 1;
				DEVELOPMENT_TEAM = XDB22KM8KS;
				GENERATE_INFOPLIST_FILE = YES;
				MARKETING_VERSION = 1.0;
				PRODUCT_BUNDLE_IDENTIFIER = "com.adedp.KumparanTech-TestUITests";
				PRODUCT_NAME = "$(TARGET_NAME)";
				SWIFT_EMIT_LOC_STRINGS = NO;
				SWIFT_VERSION = 5.0;
				TARGETED_DEVICE_FAMILY = "1,2";
				TEST_TARGET_NAME = "KumparanTech-Test";
			};
			name = Release;
		};
/* End XCBuildConfiguration section */

/* Begin XCConfigurationList section */
		0198A9042782D4B6008436BB /* Build configuration list for PBXProject "KumparanTech-Test" */ = {
			isa = XCConfigurationList;
			buildConfigurations = (
				0198A9312782D4B7008436BB /* Debug */,
				0198A9322782D4B7008436BB /* Release */,
			);
			defaultConfigurationIsVisible = 0;
			defaultConfigurationName = Release;
		};
		0198A9332782D4B7008436BB /* Build configuration list for PBXNativeTarget "KumparanTech-Test" */ = {
			isa = XCConfigurationList;
			buildConfigurations = (
				0198A9342782D4B7008436BB /* Debug */,
				0198A9352782D4B7008436BB /* Release */,
			);
			defaultConfigurationIsVisible = 0;
			defaultConfigurationName = Release;
		};
		0198A9362782D4B7008436BB /* Build configuration list for PBXNativeTarget "KumparanTech-TestTests" */ = {
			isa = XCConfigurationList;
			buildConfigurations = (
				0198A9372782D4B7008436BB /* Debug */,
				0198A9382782D4B7008436BB /* Release */,
			);
			defaultConfigurationIsVisible = 0;
			defaultConfigurationName = Release;
		};
		0198A9392782D4B7008436BB /* Build configuration list for PBXNativeTarget "KumparanTech-TestUITests" */ = {
			isa = XCConfigurationList;
			buildConfigurations = (
				0198A93A2782D4B7008436BB /* Debug */,
				0198A93B2782D4B7008436BB /* Release */,
			);
			defaultConfigurationIsVisible = 0;
			defaultConfigurationName = Release;
		};
/* End XCConfigurationList section */
	};
	rootObject = 0198A9012782D4B6008436BB /* Project object */;
}
